
Microsoft Visual Studio Solution File, Format Version 12.00
# Visual Studio Version 17
VisualStudioVersion = 17.5.33516.290
MinimumVisualStudioVersion = 10.0.40219.1
Project("{FAE04EC0-301F-11D3-BF4B-00C04F79EFBC}") = "DrivingSchool.Web", "DrivingSchool.Web.csproj", "{388F3F71-056D-4F6B-92CB-D17CB375207B}"
EndProject
Project("{FAE04EC0-301F-11D3-BF4B-00C04F79EFBC}") = "DrivingSchool.Core", "..\DrivingSchool.Core\DrivingSchool.Core.csproj", "{3BF796ED-87B8-403E-A8DA-08E884D93810}"
EndProject
Project("{FAE04EC0-301F-11D3-BF4B-00C04F79EFBC}") = "DrivingSchool.Data", "..\DrivingSchool.Data\DrivingSchool.Data.csproj", "{8096B5C7-C933-4A4F-85C9-0A1C28C6024E}"
EndProject
Global
	GlobalSection(SolutionConfigurationPlatforms) = preSolution
		Debug|Any CPU = Debug|Any CPU
		Release|Any CPU = Release|Any CPU
	EndGlobalSection
	GlobalSection(ProjectConfigurationPlatforms) = postSolution
		{388F3F71-056D-4F6B-92CB-D17CB375207B}.Debug|Any CPU.ActiveCfg = Debug|Any CPU
		{388F3F71-056D-4F6B-92CB-D17CB375207B}.Debug|Any CPU.Build.0 = Debug|Any CPU
		{388F3F71-056D-4F6B-92CB-D17CB375207B}.Release|Any CPU.ActiveCfg = Release|Any CPU
		{388F3F71-056D-4F6B-92CB-D17CB375207B}.Release|Any CPU.Build.0 = Release|Any CPU
		{3BF796ED-87B8-403E-A8DA-08E884D93810}.Debug|Any CPU.ActiveCfg = Debug|Any CPU
		{3BF796ED-87B8-403E-A8DA-08E884D93810}.Debug|Any CPU.Build.0 = Debug|Any CPU
		{3BF796ED-87B8-403E-A8DA-08E884D93810}.Release|Any CPU.ActiveCfg = Release|Any CPU
		{3BF796ED-87B8-403E-A8DA-08E884D93810}.Release|Any CPU.Build.0 = Release|Any CPU
		{8096B5C7-C933-4A4F-85C9-0A1C28C6024E}.Debug|Any CPU.ActiveCfg = Debug|Any CPU
		{8096B5C7-C933-4A4F-85C9-0A1C28C6024E}.Debug|Any CPU.Build.0 = Debug|Any CPU
		{8096B5C7-C933-4A4F-85C9-0A1C28C6024E}.Release|Any CPU.ActiveCfg = Release|Any CPU
		{8096B5C7-C933-4A4F-85C9-0A1C28C6024E}.Release|Any CPU.Build.0 = Release|Any CPU
	EndGlobalSection
	GlobalSection(SolutionProperties) = preSolution
		HideSolutionNode = FALSE
	EndGlobalSection
	GlobalSection(ExtensibilityGlobals) = postSolution
		SolutionGuid = {B0A7DB84-F41A-4A86-83B2-C756C46341D8}
	EndGlobalSection
EndGlobal
